# This file is automatically @generated by Cargo.
# It is not intended for manual editing.
version = 4

[[package]]
name = "prism-hologram"
version = "1.0.0"
dependencies = [
 "prism-stdlib",
]

[[package]]
name = "prism-stdlib"
version = "0.2.0"
source = "registry+https://github.com/rust-lang/crates.io-index"
checksum = "d29cfcbc50a05c56c0707e2737a505f959b4361b721731fd16de1b8f468534fd"
